
Microsoft Visual Studio Solution File, Format Version 12.00
# Visual Studio Version 17
VisualStudioVersion = 17.0.31903.59
MinimumVisualStudioVersion = 10.0.40219.1
Project("{2150E333-8FDC-42A3-9474-1A3956D46DE8}") = "src", "src", "{3F0CC014-DAF8-4CFA-ACA8-F4BD4CF3B31E}"
EndProject
Project("{9A19103F-16F7-4668-BE54-9A1E7A4F7556}") = "LoggerElimination", "src\LoggerElimination\LoggerElimination.csproj", "{18740C7C-3BAD-4FAF-89F2-A32F6C7D4B53}"
EndProject
Global
	GlobalSection(SolutionConfigurationPlatforms) = preSolution
		Debug|Any CPU = Debug|Any CPU
		Release|Any CPU = Release|Any CPU
	EndGlobalSection
	GlobalSection(ProjectConfigurationPlatforms) = postSolution
		{18740C7C-3BAD-4FAF-89F2-A32F6C7D4B53}.Debug|Any CPU.ActiveCfg = Debug|Any CPU
		{18740C7C-3BAD-4FAF-89F2-A32F6C7D4B53}.Debug|Any CPU.Build.0 = Debug|Any CPU
		{18740C7C-3BAD-4FAF-89F2-A32F6C7D4B53}.Release|Any CPU.ActiveCfg = Release|Any CPU
		{18740C7C-3BAD-4FAF-89F2-A32F6C7D4B53}.Release|Any CPU.Build.0 = Release|Any CPU
	EndGlobalSection
	GlobalSection(SolutionProperties) = preSolution
		HideSolutionNode = FALSE
	EndGlobalSection
	GlobalSection(NestedProjects) = preSolution
		{18740C7C-3BAD-4FAF-89F2-A32F6C7D4B53} = {3F0CC014-DAF8-4CFA-ACA8-F4BD4CF3B31E}
	EndGlobalSection
	GlobalSection(ExtensibilityGlobals) = postSolution
		SolutionGuid = {0B5A6332-0D1B-43B0-B716-5AD30FB16A1D}
	EndGlobalSection
EndGlobal
